
Microsoft Visual Studio Solution File, Format Version 12.00
# Visual Studio Version 16
VisualStudioVersion = 16.0.29926.136
MinimumVisualStudioVersion = 10.0.40219.1
Project("{9A19103F-16F7-4668-BE54-9A1E7A4F7556}") = "FilmGrain", "FilmGrain\FilmGrain.csproj", "{AA80B71D-7D11-4E54-8229-C62DDDDA3683}"
EndProject
Project("{9A19103F-16F7-4668-BE54-9A1E7A4F7556}") = "DTO", "DTO\DTO.csproj", "{7D30B1BA-EC9B-4177-BE69-AF9ECFD368BE}"
EndProject
Project("{FAE04EC0-301F-11D3-BF4B-00C04F79EFBC}") = "DAL", "DAL\DAL.csproj", "{5BA86739-6D61-49AE-9403-D0A20CA266C2}"
EndProject
Global
	GlobalSection(SolutionConfigurationPlatforms) = preSolution
		Debug|Any CPU = Debug|Any CPU
		Release|Any CPU = Release|Any CPU
	EndGlobalSection
	GlobalSection(ProjectConfigurationPlatforms) = postSolution
		{AA80B71D-7D11-4E54-8229-C62DDDDA3683}.Debug|Any CPU.ActiveCfg = Debug|Any CPU
		{AA80B71D-7D11-4E54-8229-C62DDDDA3683}.Debug|Any CPU.Build.0 = Debug|Any CPU
		{AA80B71D-7D11-4E54-8229-C62DDDDA3683}.Release|Any CPU.ActiveCfg = Release|Any CPU
		{AA80B71D-7D11-4E54-8229-C62DDDDA3683}.Release|Any CPU.Build.0 = Release|Any CPU
		{7D30B1BA-EC9B-4177-BE69-AF9ECFD368BE}.Debug|Any CPU.ActiveCfg = Debug|Any CPU
		{7D30B1BA-EC9B-4177-BE69-AF9ECFD368BE}.Debug|Any CPU.Build.0 = Debug|Any CPU
		{7D30B1BA-EC9B-4177-BE69-AF9ECFD368BE}.Release|Any CPU.ActiveCfg = Release|Any CPU
		{7D30B1BA-EC9B-4177-BE69-AF9ECFD368BE}.Release|Any CPU.Build.0 = Release|Any CPU
		{5BA86739-6D61-49AE-9403-D0A20CA266C2}.Debug|Any CPU.ActiveCfg = Debug|Any CPU
		{5BA86739-6D61-49AE-9403-D0A20CA266C2}.Debug|Any CPU.Build.0 = Debug|Any CPU
		{5BA86739-6D61-49AE-9403-D0A20CA266C2}.Release|Any CPU.ActiveCfg = Release|Any CPU
		{5BA86739-6D61-49AE-9403-D0A20CA266C2}.Release|Any CPU.Build.0 = Release|Any CPU
	EndGlobalSection
	GlobalSection(SolutionProperties) = preSolution
		HideSolutionNode = FALSE
	EndGlobalSection
	GlobalSection(ExtensibilityGlobals) = postSolution
		SolutionGuid = {6BEB0257-B626-494F-A4EA-6D66A954E9B7}
	EndGlobalSection
EndGlobal
