
Microsoft Visual Studio Solution File, Format Version 12.00
# Visual Studio Version 16
VisualStudioVersion = 16.0.29926.136
MinimumVisualStudioVersion = 10.0.40219.1
Project("{9A19103F-16F7-4668-BE54-9A1E7A4F7556}") = "FilmGrain", "FilmGrain\FilmGrain.csproj", "{AA80B71D-7D11-4E54-8229-C62DDDDA3683}"
EndProject
Project("{9A19103F-16F7-4668-BE54-9A1E7A4F7556}") = "FilmGrain.Interfaces", "DTO\FilmGrain.Interfaces.csproj", "{7D30B1BA-EC9B-4177-BE69-AF9ECFD368BE}"
EndProject
Project("{9A19103F-16F7-4668-BE54-9A1E7A4F7556}") = "FilmGrain.DAL", "DAL\FilmGrain.DAL.csproj", "{5BA86739-6D61-49AE-9403-D0A20CA266C2}"
EndProject
Project("{9A19103F-16F7-4668-BE54-9A1E7A4F7556}") = "Services", "Services\Services.csproj", "{916059E7-79C4-4EFD-9A16-6B5D314E0324}"
EndProject
Project("{9A19103F-16F7-4668-BE54-9A1E7A4F7556}") = "FilmGrain.Tests", "FilmGrain.Tests\FilmGrain.Tests.csproj", "{CFD68320-994D-4824-ACFF-1B0CF795D45A}"
EndProject
Project("{9A19103F-16F7-4668-BE54-9A1E7A4F7556}") = "FilmGrain.Logic", "FilmGrain.Logic\FilmGrain.Logic.csproj", "{4417AA36-0F88-413B-89A2-90182D5D3BA8}"
EndProject
Project("{FAE04EC0-301F-11D3-BF4B-00C04F79EFBC}") = "FilmGrain.API", "FilmGrain.API\FilmGrain.API.csproj", "{553AB119-770D-44A9-9DF8-A36C568F98C8}"
EndProject
Global
	GlobalSection(SolutionConfigurationPlatforms) = preSolution
		Debug|Any CPU = Debug|Any CPU
		Release|Any CPU = Release|Any CPU
	EndGlobalSection
	GlobalSection(ProjectConfigurationPlatforms) = postSolution
		{AA80B71D-7D11-4E54-8229-C62DDDDA3683}.Debug|Any CPU.ActiveCfg = Debug|Any CPU
		{AA80B71D-7D11-4E54-8229-C62DDDDA3683}.Debug|Any CPU.Build.0 = Debug|Any CPU
		{AA80B71D-7D11-4E54-8229-C62DDDDA3683}.Release|Any CPU.ActiveCfg = Release|Any CPU
		{AA80B71D-7D11-4E54-8229-C62DDDDA3683}.Release|Any CPU.Build.0 = Release|Any CPU
		{7D30B1BA-EC9B-4177-BE69-AF9ECFD368BE}.Debug|Any CPU.ActiveCfg = Debug|Any CPU
		{7D30B1BA-EC9B-4177-BE69-AF9ECFD368BE}.Debug|Any CPU.Build.0 = Debug|Any CPU
		{7D30B1BA-EC9B-4177-BE69-AF9ECFD368BE}.Release|Any CPU.ActiveCfg = Release|Any CPU
		{7D30B1BA-EC9B-4177-BE69-AF9ECFD368BE}.Release|Any CPU.Build.0 = Release|Any CPU
		{5BA86739-6D61-49AE-9403-D0A20CA266C2}.Debug|Any CPU.ActiveCfg = Debug|Any CPU
		{5BA86739-6D61-49AE-9403-D0A20CA266C2}.Debug|Any CPU.Build.0 = Debug|Any CPU
		{5BA86739-6D61-49AE-9403-D0A20CA266C2}.Release|Any CPU.ActiveCfg = Release|Any CPU
		{5BA86739-6D61-49AE-9403-D0A20CA266C2}.Release|Any CPU.Build.0 = Release|Any CPU
		{916059E7-79C4-4EFD-9A16-6B5D314E0324}.Debug|Any CPU.ActiveCfg = Debug|Any CPU
		{916059E7-79C4-4EFD-9A16-6B5D314E0324}.Debug|Any CPU.Build.0 = Debug|Any CPU
		{916059E7-79C4-4EFD-9A16-6B5D314E0324}.Release|Any CPU.ActiveCfg = Release|Any CPU
		{916059E7-79C4-4EFD-9A16-6B5D314E0324}.Release|Any CPU.Build.0 = Release|Any CPU
		{CFD68320-994D-4824-ACFF-1B0CF795D45A}.Debug|Any CPU.ActiveCfg = Debug|Any CPU
		{CFD68320-994D-4824-ACFF-1B0CF795D45A}.Debug|Any CPU.Build.0 = Debug|Any CPU
		{CFD68320-994D-4824-ACFF-1B0CF795D45A}.Release|Any CPU.ActiveCfg = Release|Any CPU
		{CFD68320-994D-4824-ACFF-1B0CF795D45A}.Release|Any CPU.Build.0 = Release|Any CPU
		{4417AA36-0F88-413B-89A2-90182D5D3BA8}.Debug|Any CPU.ActiveCfg = Debug|Any CPU
		{4417AA36-0F88-413B-89A2-90182D5D3BA8}.Debug|Any CPU.Build.0 = Debug|Any CPU
		{4417AA36-0F88-413B-89A2-90182D5D3BA8}.Release|Any CPU.ActiveCfg = Release|Any CPU
		{4417AA36-0F88-413B-89A2-90182D5D3BA8}.Release|Any CPU.Build.0 = Release|Any CPU
		{553AB119-770D-44A9-9DF8-A36C568F98C8}.Debug|Any CPU.ActiveCfg = Debug|Any CPU
		{553AB119-770D-44A9-9DF8-A36C568F98C8}.Debug|Any CPU.Build.0 = Debug|Any CPU
		{553AB119-770D-44A9-9DF8-A36C568F98C8}.Release|Any CPU.ActiveCfg = Release|Any CPU
		{553AB119-770D-44A9-9DF8-A36C568F98C8}.Release|Any CPU.Build.0 = Release|Any CPU
	EndGlobalSection
	GlobalSection(SolutionProperties) = preSolution
		HideSolutionNode = FALSE
	EndGlobalSection
	GlobalSection(ExtensibilityGlobals) = postSolution
		SolutionGuid = {6BEB0257-B626-494F-A4EA-6D66A954E9B7}
	EndGlobalSection
EndGlobal
